
Microsoft Visual Studio Solution File, Format Version 12.00
# Visual Studio Version 16
VisualStudioVersion = 16.0.31515.178
MinimumVisualStudioVersion = 10.0.40219.1
Project("{8BC9CEB8-8B4A-11D0-8D11-00A0C91BC942}") = "chromatic_aberration_correction_test", "chromatic_aberration_correction_test.vcxproj", "{5FD41B6D-7A9E-4B85-81ED-89D2141387E0}"
EndProject
Global
	GlobalSection(SolutionConfigurationPlatforms) = preSolution
		Debug|x64 = Debug|x64
		Debug|x86 = Debug|x86
		Release|x64 = Release|x64
		Release|x86 = Release|x86
	EndGlobalSection
	GlobalSection(ProjectConfigurationPlatforms) = postSolution
		{5FD41B6D-7A9E-4B85-81ED-89D2141387E0}.Debug|x64.ActiveCfg = Debug|x64
		{5FD41B6D-7A9E-4B85-81ED-89D2141387E0}.Debug|x64.Build.0 = Debug|x64
		{5FD41B6D-7A9E-4B85-81ED-89D2141387E0}.Debug|x86.ActiveCfg = Debug|Win32
		{5FD41B6D-7A9E-4B85-81ED-89D2141387E0}.Debug|x86.Build.0 = Debug|Win32
		{5FD41B6D-7A9E-4B85-81ED-89D2141387E0}.Release|x64.ActiveCfg = Release|x64
		{5FD41B6D-7A9E-4B85-81ED-89D2141387E0}.Release|x64.Build.0 = Release|x64
		{5FD41B6D-7A9E-4B85-81ED-89D2141387E0}.Release|x86.ActiveCfg = Release|Win32
		{5FD41B6D-7A9E-4B85-81ED-89D2141387E0}.Release|x86.Build.0 = Release|Win32
	EndGlobalSection
	GlobalSection(SolutionProperties) = preSolution
		HideSolutionNode = FALSE
	EndGlobalSection
	GlobalSection(ExtensibilityGlobals) = postSolution
		SolutionGuid = {099AF162-631B-442C-AC68-1916AFF5002E}
	EndGlobalSection
EndGlobal
